
Microsoft Visual Studio Solution File, Format Version 12.00
# Visual Studio 15
VisualStudioVersion = 15.0.28307.489
MinimumVisualStudioVersion = 10.0.40219.1
Project("{FAE04EC0-301F-11D3-BF4B-00C04F79EFBC}") = "ooad-t1-z7", "ooad-t1-z7\ooad-t1-z7.csproj", "{739DA87D-BA6B-4A2E-8B48-B8702B983041}"
EndProject
Global
	GlobalSection(SolutionConfigurationPlatforms) = preSolution
		Debug|Any CPU = Debug|Any CPU
		Release|Any CPU = Release|Any CPU
	EndGlobalSection
	GlobalSection(ProjectConfigurationPlatforms) = postSolution
		{739DA87D-BA6B-4A2E-8B48-B8702B983041}.Debug|Any CPU.ActiveCfg = Debug|Any CPU
		{739DA87D-BA6B-4A2E-8B48-B8702B983041}.Debug|Any CPU.Build.0 = Debug|Any CPU
		{739DA87D-BA6B-4A2E-8B48-B8702B983041}.Release|Any CPU.ActiveCfg = Release|Any CPU
		{739DA87D-BA6B-4A2E-8B48-B8702B983041}.Release|Any CPU.Build.0 = Release|Any CPU
	EndGlobalSection
	GlobalSection(SolutionProperties) = preSolution
		HideSolutionNode = FALSE
	EndGlobalSection
	GlobalSection(ExtensibilityGlobals) = postSolution
		SolutionGuid = {EC9A3FC4-CA40-41F7-9AC8-5C4AE2C67CF9}
	EndGlobalSection
EndGlobal
